
Microsoft Visual Studio Solution File, Format Version 12.00
# Visual Studio 15
VisualStudioVersion = 15.0.28307.438
MinimumVisualStudioVersion = 10.0.40219.1
Project("{FAE04EC0-301F-11D3-BF4B-00C04F79EFBC}") = "Jester.Sitecore.ContentSearch.ComputedFields", "Jester.Sitecore.ContentSearch.ComputedFields\Jester.Sitecore.ContentSearch.ComputedFields.csproj", "{AEAA9A18-D7A0-46D2-900A-6B60B3C760E8}"
EndProject
Global
	GlobalSection(SolutionConfigurationPlatforms) = preSolution
		Debug|Any CPU = Debug|Any CPU
		Release|Any CPU = Release|Any CPU
	EndGlobalSection
	GlobalSection(ProjectConfigurationPlatforms) = postSolution
		{AEAA9A18-D7A0-46D2-900A-6B60B3C760E8}.Debug|Any CPU.ActiveCfg = Debug|Any CPU
		{AEAA9A18-D7A0-46D2-900A-6B60B3C760E8}.Debug|Any CPU.Build.0 = Debug|Any CPU
		{AEAA9A18-D7A0-46D2-900A-6B60B3C760E8}.Release|Any CPU.ActiveCfg = Release|Any CPU
		{AEAA9A18-D7A0-46D2-900A-6B60B3C760E8}.Release|Any CPU.Build.0 = Release|Any CPU
	EndGlobalSection
	GlobalSection(SolutionProperties) = preSolution
		HideSolutionNode = FALSE
	EndGlobalSection
	GlobalSection(ExtensibilityGlobals) = postSolution
		SolutionGuid = {9C926E10-D11F-41B4-A23B-D1EC9AFA56E6}
	EndGlobalSection
EndGlobal
